
Microsoft Visual Studio Solution File, Format Version 12.00
# Visual Studio 15
VisualStudioVersion = 15.0.28307.852
MinimumVisualStudioVersion = 10.0.40219.1
Project("{FAE04EC0-301F-11D3-BF4B-00C04F79EFBC}") = "SystemInsta", "SystemInsta\SystemInsta.csproj", "{14C5A4CF-D5E2-4FB0-90D4-3ADE7231D7E0}"
EndProject
Project("{FAE04EC0-301F-11D3-BF4B-00C04F79EFBC}") = "SystemInsta.AspNetCore", "SystemInsta.AspNetCore\SystemInsta.AspNetCore.csproj", "{F81921AF-0166-450E-A7E9-64181C6F4D54}"
EndProject
Project("{FAE04EC0-301F-11D3-BF4B-00C04F79EFBC}") = "SystemInsta.Console", "SystemInsta.Console\SystemInsta.Console.csproj", "{46D95C20-E8A2-4D6F-B1F0-69DCE922E360}"
EndProject
Project("{FAE04EC0-301F-11D3-BF4B-00C04F79EFBC}") = "SystemInsta.Tizen.Wearable", "SystemInsta.Tizen.Wearable\SystemInsta.Tizen.Wearable.csproj", "{BE368877-30A5-4C81-BAA1-283997B17492}"
EndProject
Project("{FAE04EC0-301F-11D3-BF4B-00C04F79EFBC}") = "SystemInsta.Xamarin.Android", "SystemInsta.Xamarin.Android\SystemInsta.Xamarin.Android.csproj", "{E0D40C15-4976-4596-BDC2-07CA3173D7A0}"
EndProject
Global
	GlobalSection(SolutionConfigurationPlatforms) = preSolution
		Debug|Any CPU = Debug|Any CPU
		Release|Any CPU = Release|Any CPU
	EndGlobalSection
	GlobalSection(ProjectConfigurationPlatforms) = postSolution
		{14C5A4CF-D5E2-4FB0-90D4-3ADE7231D7E0}.Debug|Any CPU.ActiveCfg = Debug|Any CPU
		{14C5A4CF-D5E2-4FB0-90D4-3ADE7231D7E0}.Debug|Any CPU.Build.0 = Debug|Any CPU
		{14C5A4CF-D5E2-4FB0-90D4-3ADE7231D7E0}.Release|Any CPU.ActiveCfg = Release|Any CPU
		{14C5A4CF-D5E2-4FB0-90D4-3ADE7231D7E0}.Release|Any CPU.Build.0 = Release|Any CPU
		{F81921AF-0166-450E-A7E9-64181C6F4D54}.Debug|Any CPU.ActiveCfg = Debug|Any CPU
		{F81921AF-0166-450E-A7E9-64181C6F4D54}.Debug|Any CPU.Build.0 = Debug|Any CPU
		{F81921AF-0166-450E-A7E9-64181C6F4D54}.Release|Any CPU.ActiveCfg = Release|Any CPU
		{F81921AF-0166-450E-A7E9-64181C6F4D54}.Release|Any CPU.Build.0 = Release|Any CPU
		{46D95C20-E8A2-4D6F-B1F0-69DCE922E360}.Debug|Any CPU.ActiveCfg = Debug|Any CPU
		{46D95C20-E8A2-4D6F-B1F0-69DCE922E360}.Debug|Any CPU.Build.0 = Debug|Any CPU
		{46D95C20-E8A2-4D6F-B1F0-69DCE922E360}.Release|Any CPU.ActiveCfg = Release|Any CPU
		{46D95C20-E8A2-4D6F-B1F0-69DCE922E360}.Release|Any CPU.Build.0 = Release|Any CPU
		{BE368877-30A5-4C81-BAA1-283997B17492}.Debug|Any CPU.ActiveCfg = Debug|Any CPU
		{BE368877-30A5-4C81-BAA1-283997B17492}.Debug|Any CPU.Build.0 = Debug|Any CPU
		{BE368877-30A5-4C81-BAA1-283997B17492}.Release|Any CPU.ActiveCfg = Release|Any CPU
		{BE368877-30A5-4C81-BAA1-283997B17492}.Release|Any CPU.Build.0 = Release|Any CPU
		{E0D40C15-4976-4596-BDC2-07CA3173D7A0}.Debug|Any CPU.ActiveCfg = Debug|Any CPU
		{E0D40C15-4976-4596-BDC2-07CA3173D7A0}.Debug|Any CPU.Build.0 = Debug|Any CPU
		{E0D40C15-4976-4596-BDC2-07CA3173D7A0}.Release|Any CPU.ActiveCfg = Release|Any CPU
		{E0D40C15-4976-4596-BDC2-07CA3173D7A0}.Release|Any CPU.Build.0 = Release|Any CPU
	EndGlobalSection
	GlobalSection(SolutionProperties) = preSolution
		HideSolutionNode = FALSE
	EndGlobalSection
	GlobalSection(ExtensibilityGlobals) = postSolution
		SolutionGuid = {C65C6470-8C36-4168-B689-34CA6ECDD229}
	EndGlobalSection
EndGlobal
